{
  "name": "remix-plugins-directory-ci",
  "version": "1.0.0",
  "lockfileVersion": 1,
  "requires": true,
  "dependencies": {
    "@types/fs-extra": {
      "version": "8.0.1",
      "resolved": "https://registry.npmjs.org/@types/fs-extra/-/fs-extra-8.0.1.tgz",
      "integrity": "sha512-J00cVDALmi/hJOYsunyT52Hva5TnJeKP5yd1r+mH/ZU0mbYZflR0Z5kw5kITtKTRYMhm1JMClOFYdHnQszEvqw==",
      "requires": {
        "@types/node": "*"
      },
      "dependencies": {
        "@types/node": {
          "version": "13.7.0",
          "resolved": "https://registry.npmjs.org/@types/node/-/node-13.7.0.tgz",
          "integrity": "sha512-GnZbirvmqZUzMgkFn70c74OQpTTUcCzlhQliTzYjQMqg+hVKcDnxdL19Ne3UdYzdMA/+W3eb646FWn/ZaT1NfQ=="
        }
      }
    },
    "@types/node": {
      "version": "12.12.26",
      "resolved": "https://registry.npmjs.org/@types/node/-/node-12.12.26.tgz",
      "integrity": "sha512-UmUm94/QZvU5xLcUlNR8hA7Ac+fGpO1EG/a8bcWVz0P0LqtxFmun9Y2bbtuckwGboWJIT70DoWq1r3hb56n3DA==",
      "dev": true
    },
    "@zeit/ncc": {
      "version": "0.20.5",
      "resolved": "https://registry.npmjs.org/@zeit/ncc/-/ncc-0.20.5.tgz",
      "integrity": "sha512-XU6uzwvv95DqxciQx+aOLhbyBx/13ky+RK1y88Age9Du3BlA4mMPCy13BGjayOrrumOzlq1XV3SD/BWiZENXlw==",
      "dev": true
    },
    "fs-extra": {
      "version": "8.1.0",
      "resolved": "https://registry.npmjs.org/fs-extra/-/fs-extra-8.1.0.tgz",
      "integrity": "sha512-yhlQgA6mnOJUKOsRUFsgJdQCvkKhcz8tlZG5HBQfReYZy46OwLcY+Zia0mtdHsOo9y/hP+CxMN0TU9QxoOtG4g==",
      "requires": {
        "graceful-fs": "^4.2.0",
        "jsonfile": "^4.0.0",
        "universalify": "^0.1.0"
      }
    },
    "graceful-fs": {
      "version": "4.2.3",
      "resolved": "https://registry.npmjs.org/graceful-fs/-/graceful-fs-4.2.3.tgz",
      "integrity": "sha512-a30VEBm4PEdx1dRB7MFK7BejejvCvBronbLjht+sHuGYj8PHs7M/5Z+rt5lw551vZ7yfTCj4Vuyy3mSJytDWRQ=="
    },
    "jsonfile": {
      "version": "4.0.0",
      "resolved": "https://registry.npmjs.org/jsonfile/-/jsonfile-4.0.0.tgz",
      "integrity": "sha1-h3Gq4HmbZAdrdmQPygWPnBDjPss=",
      "requires": {
        "graceful-fs": "^4.1.6"
      }
    },
    "typescript": {
      "version": "3.7.5",
      "resolved": "https://registry.npmjs.org/typescript/-/typescript-3.7.5.tgz",
      "integrity": "sha512-/P5lkRXkWHNAbcJIiHPfRoKqyd7bsyCma1hZNUGfn20qm64T6ZBlrzprymeu918H+mB/0rIg2gGK/BXkhhYgBw==",
      "dev": true
    },
    "universalify": {
      "version": "0.1.2",
      "resolved": "https://registry.npmjs.org/universalify/-/universalify-0.1.2.tgz",
      "integrity": "sha512-rBJeI5CXAlmy1pV+617WB9J63U6XcazHHF2f2dbJix4XzpUF0RS3Zbj0FGIOCAva5P/d/GBOYaACQ1w+0azUkg=="
    }
  }
}
